
Microsoft Visual Studio Solution File, Format Version 11.00
# Visual Basic Express 2010
Project("{F184B08F-C81C-45F6-A57F-5ABD9991F28F}") = "Car Rental system", "Car Rental system\Car Rental system.vbproj", "{31341CA6-EC5A-451E-96CF-22B8DE624BDD}"
EndProject
Global
	GlobalSection(SolutionConfigurationPlatforms) = preSolution
		Debug|x86 = Debug|x86
		Release|x86 = Release|x86
	EndGlobalSection
	GlobalSection(ProjectConfigurationPlatforms) = postSolution
		{31341CA6-EC5A-451E-96CF-22B8DE624BDD}.Debug|x86.ActiveCfg = Debug|x86
		{31341CA6-EC5A-451E-96CF-22B8DE624BDD}.Debug|x86.Build.0 = Debug|x86
		{31341CA6-EC5A-451E-96CF-22B8DE624BDD}.Release|x86.ActiveCfg = Release|x86
		{31341CA6-EC5A-451E-96CF-22B8DE624BDD}.Release|x86.Build.0 = Release|x86
	EndGlobalSection
	GlobalSection(SolutionProperties) = preSolution
		HideSolutionNode = FALSE
	EndGlobalSection
EndGlobal
